
Microsoft Visual Studio Solution File, Format Version 12.00
# Visual Studio Version 16
VisualStudioVersion = 16.0.30225.117
MinimumVisualStudioVersion = 10.0.40219.1
Project("{9A19103F-16F7-4668-BE54-9A1E7A4F7556}") = "CountryThunder.Lineup.RSVP.Writer", "CountryThunder.Lineup.RSVP.Writer\CountryThunder.Lineup.RSVP.Writer.csproj", "{A7B170A6-93B3-4DEC-89AC-702422BB7FAD}"
EndProject
Global
	GlobalSection(SolutionConfigurationPlatforms) = preSolution
		Debug|Any CPU = Debug|Any CPU
		Release|Any CPU = Release|Any CPU
	EndGlobalSection
	GlobalSection(ProjectConfigurationPlatforms) = postSolution
		{A7B170A6-93B3-4DEC-89AC-702422BB7FAD}.Debug|Any CPU.ActiveCfg = Debug|Any CPU
		{A7B170A6-93B3-4DEC-89AC-702422BB7FAD}.Debug|Any CPU.Build.0 = Debug|Any CPU
		{A7B170A6-93B3-4DEC-89AC-702422BB7FAD}.Release|Any CPU.ActiveCfg = Release|Any CPU
		{A7B170A6-93B3-4DEC-89AC-702422BB7FAD}.Release|Any CPU.Build.0 = Release|Any CPU
	EndGlobalSection
	GlobalSection(SolutionProperties) = preSolution
		HideSolutionNode = FALSE
	EndGlobalSection
	GlobalSection(ExtensibilityGlobals) = postSolution
		SolutionGuid = {DEFAAC04-20D1-404C-B4FD-3D80F9D98455}
	EndGlobalSection
EndGlobal
